
Microsoft Visual Studio Solution File, Format Version 12.00
# Visual Studio Version 17
VisualStudioVersion = 17.8.34330.188
MinimumVisualStudioVersion = 10.0.40219.1
Project("{FAE04EC0-301F-11D3-BF4B-00C04F79EFBC}") = "TransportCompanyWeb", "TransportCompanyWeb\TransportCompanyWeb.csproj", "{EC308F79-7226-4EF5-A2ED-FE6D9A30F85C}"
EndProject
Global
	GlobalSection(SolutionConfigurationPlatforms) = preSolution
		Debug|Any CPU = Debug|Any CPU
		Release|Any CPU = Release|Any CPU
	EndGlobalSection
	GlobalSection(ProjectConfigurationPlatforms) = postSolution
		{EC308F79-7226-4EF5-A2ED-FE6D9A30F85C}.Debug|Any CPU.ActiveCfg = Debug|Any CPU
		{EC308F79-7226-4EF5-A2ED-FE6D9A30F85C}.Debug|Any CPU.Build.0 = Debug|Any CPU
		{EC308F79-7226-4EF5-A2ED-FE6D9A30F85C}.Release|Any CPU.ActiveCfg = Release|Any CPU
		{EC308F79-7226-4EF5-A2ED-FE6D9A30F85C}.Release|Any CPU.Build.0 = Release|Any CPU
	EndGlobalSection
	GlobalSection(SolutionProperties) = preSolution
		HideSolutionNode = FALSE
	EndGlobalSection
	GlobalSection(ExtensibilityGlobals) = postSolution
		SolutionGuid = {540FF1F0-74FF-41DC-A7AE-59B154A3845B}
	EndGlobalSection
EndGlobal
